{
  "name": "wolf",
  "lockfileVersion": 2,
  "requires": true,
  "packages": {
    "": {
      "dependencies": {
        "find-cycle": "^1.0.0",
        "javascript-algorithms-and-data-structures": "^0.0.4"
      }
    },
    "node_modules/find-cycle": {
      "version": "1.0.0",
      "resolved": "https://registry.npmjs.org/find-cycle/-/find-cycle-1.0.0.tgz",
      "integrity": "sha512-um47oVzW1wGgkEb1Pbhs/Scb1xYP+RErujOAQCpngJDhG9YHXfOh7HV2l4tFwrNs60XawH4kDul3BvG+ZuTKvQ==",
      "engines": {
        "node": ">=4.0.0"
      }
    },
    "node_modules/javascript-algorithms-and-data-structures": {
      "version": "0.0.4",
      "resolved": "https://registry.npmjs.org/javascript-algorithms-and-data-structures/-/javascript-algorithms-and-data-structures-0.0.4.tgz",
      "integrity": "sha512-VArtSO30+UbTLiO3ZX/gy9fPni0ACkGkWx8vHASEJ+bWYgp/YqUZweWGjZMJveChNXE8EKFZ8eBKUb89IDnWEQ=="
    }
  },
  "dependencies": {
    "find-cycle": {
      "version": "1.0.0",
      "resolved": "https://registry.npmjs.org/find-cycle/-/find-cycle-1.0.0.tgz",
      "integrity": "sha512-um47oVzW1wGgkEb1Pbhs/Scb1xYP+RErujOAQCpngJDhG9YHXfOh7HV2l4tFwrNs60XawH4kDul3BvG+ZuTKvQ=="
    },
    "javascript-algorithms-and-data-structures": {
      "version": "0.0.4",
      "resolved": "https://registry.npmjs.org/javascript-algorithms-and-data-structures/-/javascript-algorithms-and-data-structures-0.0.4.tgz",
      "integrity": "sha512-VArtSO30+UbTLiO3ZX/gy9fPni0ACkGkWx8vHASEJ+bWYgp/YqUZweWGjZMJveChNXE8EKFZ8eBKUb89IDnWEQ=="
    }
  }
}
